
Microsoft Visual Studio Solution File, Format Version 12.00
# Visual Studio 15
VisualStudioVersion = 15.0.28307.1062
MinimumVisualStudioVersion = 10.0.40219.1
Project("{FAE04EC0-301F-11D3-BF4B-00C04F79EFBC}") = "Backend", "Backend\Backend.csproj", "{19394C2E-740D-410B-99FF-61CB3AF1BB49}"
EndProject
Project("{FAE04EC0-301F-11D3-BF4B-00C04F79EFBC}") = "BusinessLayer", "BusinessLayer\BusinessLayer.csproj", "{4175FF85-C573-497D-8EEF-EBC41052F577}"
EndProject
Project("{FAE04EC0-301F-11D3-BF4B-00C04F79EFBC}") = "DatabaseLayer", "DatabaseLayer\DatabaseLayer.csproj", "{F891B3F1-6310-4DE9-8A16-F3F313793001}"
EndProject
Project("{FAE04EC0-301F-11D3-BF4B-00C04F79EFBC}") = "Common", "Common\Common.csproj", "{3C99F57C-594A-4899-BC07-FB6F2372232F}"
EndProject
Global
	GlobalSection(SolutionConfigurationPlatforms) = preSolution
		Debug|Any CPU = Debug|Any CPU
		Release|Any CPU = Release|Any CPU
	EndGlobalSection
	GlobalSection(ProjectConfigurationPlatforms) = postSolution
		{19394C2E-740D-410B-99FF-61CB3AF1BB49}.Debug|Any CPU.ActiveCfg = Debug|Any CPU
		{19394C2E-740D-410B-99FF-61CB3AF1BB49}.Debug|Any CPU.Build.0 = Debug|Any CPU
		{19394C2E-740D-410B-99FF-61CB3AF1BB49}.Release|Any CPU.ActiveCfg = Release|Any CPU
		{19394C2E-740D-410B-99FF-61CB3AF1BB49}.Release|Any CPU.Build.0 = Release|Any CPU
		{4175FF85-C573-497D-8EEF-EBC41052F577}.Debug|Any CPU.ActiveCfg = Debug|Any CPU
		{4175FF85-C573-497D-8EEF-EBC41052F577}.Debug|Any CPU.Build.0 = Debug|Any CPU
		{4175FF85-C573-497D-8EEF-EBC41052F577}.Release|Any CPU.ActiveCfg = Release|Any CPU
		{4175FF85-C573-497D-8EEF-EBC41052F577}.Release|Any CPU.Build.0 = Release|Any CPU
		{F891B3F1-6310-4DE9-8A16-F3F313793001}.Debug|Any CPU.ActiveCfg = Debug|Any CPU
		{F891B3F1-6310-4DE9-8A16-F3F313793001}.Debug|Any CPU.Build.0 = Debug|Any CPU
		{F891B3F1-6310-4DE9-8A16-F3F313793001}.Release|Any CPU.ActiveCfg = Release|Any CPU
		{F891B3F1-6310-4DE9-8A16-F3F313793001}.Release|Any CPU.Build.0 = Release|Any CPU
		{3C99F57C-594A-4899-BC07-FB6F2372232F}.Debug|Any CPU.ActiveCfg = Debug|Any CPU
		{3C99F57C-594A-4899-BC07-FB6F2372232F}.Debug|Any CPU.Build.0 = Debug|Any CPU
		{3C99F57C-594A-4899-BC07-FB6F2372232F}.Release|Any CPU.ActiveCfg = Release|Any CPU
		{3C99F57C-594A-4899-BC07-FB6F2372232F}.Release|Any CPU.Build.0 = Release|Any CPU
	EndGlobalSection
	GlobalSection(SolutionProperties) = preSolution
		HideSolutionNode = FALSE
	EndGlobalSection
	GlobalSection(ExtensibilityGlobals) = postSolution
		SolutionGuid = {429F5B0F-2000-4088-9E7F-94A5D7ED2213}
	EndGlobalSection
EndGlobal
